// !$*UTF8*$!
{
	archiveVersion = 1;
	classes = {
	};
	objectVersion = 50;
	objects = {

/* Begin PBXBuildFile section */
		473E956026DC2F78000459DC /* AppDelegate.swift in Sources */ = {isa = PBXBuildFile; fileRef = 473E955F26DC2F78000459DC /* AppDelegate.swift */; };
		473E956226DC2F78000459DC /* SceneDelegate.swift in Sources */ = {isa = PBXBuildFile; fileRef = 473E956126DC2F78000459DC /* SceneDelegate.swift */; };
		473E956426DC2F78000459DC /* ReminderListViewController.swift in Sources */ = {isa = PBXBuildFile; fileRef = 473E956326DC2F78000459DC /* ReminderListViewController.swift */; };
		473E956726DC2F78000459DC /* Main.storyboard in Resources */ = {isa = PBXBuildFile; fileRef = 473E956526DC2F78000459DC /* Main.storyboard */; };
		473E956926DC2F7A000459DC /* Assets.xcassets in Resources */ = {isa = PBXBuildFile; fileRef = 473E956826DC2F7A000459DC /* Assets.xcassets */; };
		473E956C26DC2F7A000459DC /* LaunchScreen.storyboard in Resources */ = {isa = PBXBuildFile; fileRef = 473E956A26DC2F7A000459DC /* LaunchScreen.storyboard */; };
		473E957726DC31D9000459DC /* Reminder.swift in Sources */ = {isa = PBXBuildFile; fileRef = 473E957626DC31D9000459DC /* Reminder.swift */; };
		473E957926DC3463000459DC /* ReminderListTableViewCell.swift in Sources */ = {isa = PBXBuildFile; fileRef = 473E957826DC3463000459DC /* ReminderListTableViewCell.swift */; };
/* End PBXBuildFile section */

/* Begin PBXFileReference section */
		473E955C26DC2F78000459DC /* Today-iOS14.app */ = {isa = PBXFileReference; explicitFileType = wrapper.application; includeInIndex = 0; path = "Today-iOS14.app"; sourceTree = BUILT_PRODUCTS_DIR; };
		473E955F26DC2F78000459DC /* AppDelegate.swift */ = {isa = PBXFileReference; lastKnownFileType = sourcecode.swift; path = AppDelegate.swift; sourceTree = "<group>"; };
		473E956126DC2F78000459DC /* SceneDelegate.swift */ = {isa = PBXFileReference; lastKnownFileType = sourcecode.swift; path = SceneDelegate.swift; sourceTree = "<group>"; };
		473E956326DC2F78000459DC /* ReminderListViewController.swift */ = {isa = PBXFileReference; lastKnownFileType = sourcecode.swift; path = ReminderListViewController.swift; sourceTree = "<group>"; };
		473E956626DC2F78000459DC /* Base */ = {isa = PBXFileReference; lastKnownFileType = file.storyboard; name = Base; path = Base.lproj/Main.storyboard; sourceTree = "<group>"; };
		473E956826DC2F7A000459DC /* Assets.xcassets */ = {isa = PBXFileReference; lastKnownFileType = folder.assetcatalog; path = Assets.xcassets; sourceTree = "<group>"; };
		473E956B26DC2F7A000459DC /* Base */ = {isa = PBXFileReference; lastKnownFileType = file.storyboard; name = Base; path = Base.lproj/LaunchScreen.storyboard; sourceTree = "<group>"; };
		473E956D26DC2F7A000459DC /* Info.plist */ = {isa = PBXFileReference; lastKnownFileType = text.plist.xml; path = Info.plist; sourceTree = "<group>"; };
		473E957626DC31D9000459DC /* Reminder.swift */ = {isa = PBXFileReference; lastKnownFileType = sourcecode.swift; path = Reminder.swift; sourceTree = "<group>"; };
		473E957826DC3463000459DC /* ReminderListTableViewCell.swift */ = {isa = PBXFileReference; lastKnownFileType = sourcecode.swift; path = ReminderListTableViewCell.swift; sourceTree = "<group>"; };
/* End PBXFileReference section */

/* Begin PBXFrameworksBuildPhase section */
		473E955926DC2F78000459DC /* Frameworks */ = {
			isa = PBXFrameworksBuildPhase;
			buildActionMask = 2147483647;
			files = (
			);
			runOnlyForDeploymentPostprocessing = 0;
		};
/* End PBXFrameworksBuildPhase section */

/* Begin PBXGroup section */
		473E955326DC2F78000459DC = {
			isa = PBXGroup;
			children = (
				473E955E26DC2F78000459DC /* Today-iOS14 */,
				473E955D26DC2F78000459DC /* Products */,
			);
			sourceTree = "<group>";
		};
		473E955D26DC2F78000459DC /* Products */ = {
			isa = PBXGroup;
			children = (
				473E955C26DC2F78000459DC /* Today-iOS14.app */,
			);
			name = Products;
			sourceTree = "<group>";
		};
		473E955E26DC2F78000459DC /* Today-iOS14 */ = {
			isa = PBXGroup;
			children = (
				473E955F26DC2F78000459DC /* AppDelegate.swift */,
				473E956126DC2F78000459DC /* SceneDelegate.swift */,
				473E957526DC2FE2000459DC /* Models */,
				473E957426DC2FDB000459DC /* Controllers */,
				473E957326DC2FD4000459DC /* Views */,
				473E956826DC2F7A000459DC /* Assets.xcassets */,
				473E956A26DC2F7A000459DC /* LaunchScreen.storyboard */,
				473E956D26DC2F7A000459DC /* Info.plist */,
			);
			path = "Today-iOS14";
			sourceTree = "<group>";
		};
		473E957326DC2FD4000459DC /* Views */ = {
			isa = PBXGroup;
			children = (
				473E956526DC2F78000459DC /* Main.storyboard */,
			);
			path = Views;
			sourceTree = "<group>";
		};
		473E957426DC2FDB000459DC /* Controllers */ = {
			isa = PBXGroup;
			children = (
				473E956326DC2F78000459DC /* ReminderListViewController.swift */,
				473E957826DC3463000459DC /* ReminderListTableViewCell.swift */,
			);
			path = Controllers;
			sourceTree = "<group>";
		};
		473E957526DC2FE2000459DC /* Models */ = {
			isa = PBXGroup;
			children = (
				473E957626DC31D9000459DC /* Reminder.swift */,
			);
			path = Models;
			sourceTree = "<group>";
		};
/* End PBXGroup section */

/* Begin PBXNativeTarget section */
		473E955B26DC2F78000459DC /* Today-iOS14 */ = {
			isa = PBXNativeTarget;
			buildConfigurationList = 473E957026DC2F7A000459DC /* Build configuration list for PBXNativeTarget "Today-iOS14" */;
			buildPhases = (
				473E955826DC2F78000459DC /* Sources */,
				473E955926DC2F78000459DC /* Frameworks */,
				473E955A26DC2F78000459DC /* Resources */,
			);
			buildRules = (
			);
			dependencies = (
			);
			name = "Today-iOS14";
			productName = "Today-iOS14";
			productReference = 473E955C26DC2F78000459DC /* Today-iOS14.app */;
			productType = "com.apple.product-type.application";
		};
/* End PBXNativeTarget section */

/* Begin PBXProject section */
		473E955426DC2F78000459DC /* Project object */ = {
			isa = PBXProject;
			attributes = {
				LastSwiftUpdateCheck = 1250;
				LastUpgradeCheck = 1250;
				TargetAttributes = {
					473E955B26DC2F78000459DC = {
						CreatedOnToolsVersion = 12.5.1;
					};
				};
			};
			buildConfigurationList = 473E955726DC2F78000459DC /* Build configuration list for PBXProject "Today-iOS14" */;
			compatibilityVersion = "Xcode 9.3";
			developmentRegion = en;
			hasScannedForEncodings = 0;
			knownRegions = (
				en,
				Base,
			);
			mainGroup = 473E955326DC2F78000459DC;
			productRefGroup = 473E955D26DC2F78000459DC /* Products */;
			projectDirPath = "";
			projectRoot = "";
			targets = (
				473E955B26DC2F78000459DC /* Today-iOS14 */,
			);
		};
/* End PBXProject section */

/* Begin PBXResourcesBuildPhase section */
		473E955A26DC2F78000459DC /* Resources */ = {
			isa = PBXResourcesBuildPhase;
			buildActionMask = 2147483647;
			files = (
				473E956C26DC2F7A000459DC /* LaunchScreen.storyboard in Resources */,
				473E956926DC2F7A000459DC /* Assets.xcassets in Resources */,
				473E956726DC2F78000459DC /* Main.storyboard in Resources */,
			);
			runOnlyForDeploymentPostprocessing = 0;
		};
/* End PBXResourcesBuildPhase section */

/* Begin PBXSourcesBuildPhase section */
		473E955826DC2F78000459DC /* Sources */ = {
			isa = PBXSourcesBuildPhase;
			buildActionMask = 2147483647;
			files = (
				473E957926DC3463000459DC /* ReminderListTableViewCell.swift in Sources */,
				473E956426DC2F78000459DC /* ReminderListViewController.swift in Sources */,
				473E956026DC2F78000459DC /* AppDelegate.swift in Sources */,
				473E956226DC2F78000459DC /* SceneDelegate.swift in Sources */,
				473E957726DC31D9000459DC /* Reminder.swift in Sources */,
			);
			runOnlyForDeploymentPostprocessing = 0;
		};
/* End PBXSourcesBuildPhase section */

/* Begin PBXVariantGroup section */
		473E956526DC2F78000459DC /* Main.storyboard */ = {
			isa = PBXVariantGroup;
			children = (
				473E956626DC2F78000459DC /* Base */,
			);
			name = Main.storyboard;
			sourceTree = "<group>";
		};
		473E956A26DC2F7A000459DC /* LaunchScreen.storyboard */ = {
			isa = PBXVariantGroup;
			children = (
				473E956B26DC2F7A000459DC /* Base */,
			);
			name = LaunchScreen.storyboard;
			sourceTree = "<group>";
		};
/* End PBXVariantGroup section */

/* Begin XCBuildConfiguration section */
		473E956E26DC2F7A000459DC /* Debug */ = {
			isa = XCBuildConfiguration;
			buildSettings = {
				ALWAYS_SEARCH_USER_PATHS = NO;
				CLANG_ANALYZER_NONNULL = YES;
				CLANG_ANALYZER_NUMBER_OBJECT_CONVERSION = YES_AGGRESSIVE;
				CLANG_CXX_LANGUAGE_STANDARD = "gnu++14";
				CLANG_CXX_LIBRARY = "libc++";
				CLANG_ENABLE_MODULES = YES;
				CLANG_ENABLE_OBJC_ARC = YES;
				CLANG_ENABLE_OBJC_WEAK = YES;
				CLANG_WARN_BLOCK_CAPTURE_AUTORELEASING = YES;
				CLANG_WARN_BOOL_CONVERSION = YES;
				CLANG_WARN_COMMA = YES;
				CLANG_WARN_CONSTANT_CONVERSION = YES;
				CLANG_WARN_DEPRECATED_OBJC_IMPLEMENTATIONS = YES;
				CLANG_WARN_DIRECT_OBJC_ISA_USAGE = YES_ERROR;
				CLANG_WARN_DOCUMENTATION_COMMENTS = YES;
				CLANG_WARN_EMPTY_BODY = YES;
				CLANG_WARN_ENUM_CONVERSION = YES;
				CLANG_WARN_INFINITE_RECURSION = YES;
				CLANG_WARN_INT_CONVERSION = YES;
				CLANG_WARN_NON_LITERAL_NULL_CONVERSION = YES;
				CLANG_WARN_OBJC_IMPLICIT_RETAIN_SELF = YES;
				CLANG_WARN_OBJC_LITERAL_CONVERSION = YES;
				CLANG_WARN_OBJC_ROOT_CLASS = YES_ERROR;
				CLANG_WARN_QUOTED_INCLUDE_IN_FRAMEWORK_HEADER = YES;
				CLANG_WARN_RANGE_LOOP_ANALYSIS = YES;
				CLANG_WARN_STRICT_PROTOTYPES = YES;
				CLANG_WARN_SUSPICIOUS_MOVE = YES;
				CLANG_WARN_UNGUARDED_AVAILABILITY = YES_AGGRESSIVE;
				CLANG_WARN_UNREACHABLE_CODE = YES;
				CLANG_WARN__DUPLICATE_METHOD_MATCH = YES;
				COPY_PHASE_STRIP = NO;
				DEBUG_INFORMATION_FORMAT = dwarf;
				ENABLE_STRICT_OBJC_MSGSEND = YES;
				ENABLE_TESTABILITY = YES;
				GCC_C_LANGUAGE_STANDARD = gnu11;
				GCC_DYNAMIC_NO_PIC = NO;
				GCC_NO_COMMON_BLOCKS = YES;
				GCC_OPTIMIZATION_LEVEL = 0;
				GCC_PREPROCESSOR_DEFINITIONS = (
					"DEBUG=1",
					"$(inherited)",
				);
				GCC_WARN_64_TO_32_BIT_CONVERSION = YES;
				GCC_WARN_ABOUT_RETURN_TYPE = YES_ERROR;
				GCC_WARN_UNDECLARED_SELECTOR = YES;
				GCC_WARN_UNINITIALIZED_AUTOS = YES_AGGRESSIVE;
				GCC_WARN_UNUSED_FUNCTION = YES;
				GCC_WARN_UNUSED_VARIABLE = YES;
				IPHONEOS_DEPLOYMENT_TARGET = 14.5;
				MTL_ENABLE_DEBUG_INFO = INCLUDE_SOURCE;
				MTL_FAST_MATH = YES;
				ONLY_ACTIVE_ARCH = YES;
				SDKROOT = iphoneos;
				SWIFT_ACTIVE_COMPILATION_CONDITIONS = DEBUG;
				SWIFT_OPTIMIZATION_LEVEL = "-Onone";
			};
			name = Debug;
		};
		473E956F26DC2F7A000459DC /* Release */ = {
			isa = XCBuildConfiguration;
			buildSettings = {
				ALWAYS_SEARCH_USER_PATHS = NO;
				CLANG_ANALYZER_NONNULL = YES;
				CLANG_ANALYZER_NUMBER_OBJECT_CONVERSION = YES_AGGRESSIVE;
				CLANG_CXX_LANGUAGE_STANDARD = "gnu++14";
				CLANG_CXX_LIBRARY = "libc++";
				CLANG_ENABLE_MODULES = YES;
				CLANG_ENABLE_OBJC_ARC = YES;
				CLANG_ENABLE_OBJC_WEAK = YES;
				CLANG_WARN_BLOCK_CAPTURE_AUTORELEASING = YES;
				CLANG_WARN_BOOL_CONVERSION = YES;
				CLANG_WARN_COMMA = YES;
				CLANG_WARN_CONSTANT_CONVERSION = YES;
				CLANG_WARN_DEPRECATED_OBJC_IMPLEMENTATIONS = YES;
				CLANG_WARN_DIRECT_OBJC_ISA_USAGE = YES_ERROR;
				CLANG_WARN_DOCUMENTATION_COMMENTS = YES;
				CLANG_WARN_EMPTY_BODY = YES;
				CLANG_WARN_ENUM_CONVERSION = YES;
				CLANG_WARN_INFINITE_RECURSION = YES;
				CLANG_WARN_INT_CONVERSION = YES;
				CLANG_WARN_NON_LITERAL_NULL_CONVERSION = YES;
				CLANG_WARN_OBJC_IMPLICIT_RETAIN_SELF = YES;
				CLANG_WARN_OBJC_LITERAL_CONVERSION = YES;
				CLANG_WARN_OBJC_ROOT_CLASS = YES_ERROR;
				CLANG_WARN_QUOTED_INCLUDE_IN_FRAMEWORK_HEADER = YES;
				CLANG_WARN_RANGE_LOOP_ANALYSIS = YES;
				CLANG_WARN_STRICT_PROTOTYPES = YES;
				CLANG_WARN_SUSPICIOUS_MOVE = YES;
				CLANG_WARN_UNGUARDED_AVAILABILITY = YES_AGGRESSIVE;
				CLANG_WARN_UNREACHABLE_CODE = YES;
				CLANG_WARN__DUPLICATE_METHOD_MATCH = YES;
				COPY_PHASE_STRIP = NO;
				DEBUG_INFORMATION_FORMAT = "dwarf-with-dsym";
				ENABLE_NS_ASSERTIONS = NO;
				ENABLE_STRICT_OBJC_MSGSEND = YES;
				GCC_C_LANGUAGE_STANDARD = gnu11;
				GCC_NO_COMMON_BLOCKS = YES;
				GCC_WARN_64_TO_32_BIT_CONVERSION = YES;
				GCC_WARN_ABOUT_RETURN_TYPE = YES_ERROR;
				GCC_WARN_UNDECLARED_SELECTOR = YES;
				GCC_WARN_UNINITIALIZED_AUTOS = YES_AGGRESSIVE;
				GCC_WARN_UNUSED_FUNCTION = YES;
				GCC_WARN_UNUSED_VARIABLE = YES;
				IPHONEOS_DEPLOYMENT_TARGET = 14.5;
				MTL_ENABLE_DEBUG_INFO = NO;
				MTL_FAST_MATH = YES;
				SDKROOT = iphoneos;
				SWIFT_COMPILATION_MODE = wholemodule;
				SWIFT_OPTIMIZATION_LEVEL = "-O";
				VALIDATE_PRODUCT = YES;
			};
			name = Release;
		};
		473E957126DC2F7A000459DC /* Debug */ = {
			isa = XCBuildConfiguration;
			buildSettings = {
				ASSETCATALOG_COMPILER_APPICON_NAME = AppIcon;
				ASSETCATALOG_COMPILER_GLOBAL_ACCENT_COLOR_NAME = AccentColor;
				CODE_SIGN_STYLE = Automatic;
				DEVELOPMENT_TEAM = 58XKH6936U;
				INFOPLIST_FILE = "Today-iOS14/Info.plist";
				LD_RUNPATH_SEARCH_PATHS = (
					"$(inherited)",
					"@executable_path/Frameworks",
				);
				PRODUCT_BUNDLE_IDENTIFIER = "com.pompouscatstudios.Today-iOS14";
				PRODUCT_NAME = "$(TARGET_NAME)";
				SWIFT_VERSION = 5.0;
				TARGETED_DEVICE_FAMILY = "1,2";
			};
			name = Debug;
		};
		473E957226DC2F7A000459DC /* Release */ = {
			isa = XCBuildConfiguration;
			buildSettings = {
				ASSETCATALOG_COMPILER_APPICON_NAME = AppIcon;
				ASSETCATALOG_COMPILER_GLOBAL_ACCENT_COLOR_NAME = AccentColor;
				CODE_SIGN_STYLE = Automatic;
				DEVELOPMENT_TEAM = 58XKH6936U;
				INFOPLIST_FILE = "Today-iOS14/Info.plist";
				LD_RUNPATH_SEARCH_PATHS = (
					"$(inherited)",
					"@executable_path/Frameworks",
				);
				PRODUCT_BUNDLE_IDENTIFIER = "com.pompouscatstudios.Today-iOS14";
				PRODUCT_NAME = "$(TARGET_NAME)";
				SWIFT_VERSION = 5.0;
				TARGETED_DEVICE_FAMILY = "1,2";
			};
			name = Release;
		};
/* End XCBuildConfiguration section */

/* Begin XCConfigurationList section */
		473E955726DC2F78000459DC /* Build configuration list for PBXProject "Today-iOS14" */ = {
			isa = XCConfigurationList;
			buildConfigurations = (
				473E956E26DC2F7A000459DC /* Debug */,
				473E956F26DC2F7A000459DC /* Release */,
			);
			defaultConfigurationIsVisible = 0;
			defaultConfigurationName = Release;
		};
		473E957026DC2F7A000459DC /* Build configuration list for PBXNativeTarget "Today-iOS14" */ = {
			isa = XCConfigurationList;
			buildConfigurations = (
				473E957126DC2F7A000459DC /* Debug */,
				473E957226DC2F7A000459DC /* Release */,
			);
			defaultConfigurationIsVisible = 0;
			defaultConfigurationName = Release;
		};
/* End XCConfigurationList section */
	};
	rootObject = 473E955426DC2F78000459DC /* Project object */;
}
